
Microsoft Visual Studio Solution File, Format Version 12.00
# Blend for Visual Studio Version 16
VisualStudioVersion = 16.0.29411.108
MinimumVisualStudioVersion = 10.0.40219.1
Project("{FAE04EC0-301F-11D3-BF4B-00C04F79EFBC}") = "Destroyer", "Destroyer.csproj", "{B260E63F-F9BC-447D-A003-D4EF811A8EAF}"
EndProject
Global
	GlobalSection(SolutionConfigurationPlatforms) = preSolution
		Debug|Any CPU = Debug|Any CPU
		Release|Any CPU = Release|Any CPU
	EndGlobalSection
	GlobalSection(ProjectConfigurationPlatforms) = postSolution
		{B260E63F-F9BC-447D-A003-D4EF811A8EAF}.Debug|Any CPU.ActiveCfg = Debug|Any CPU
		{B260E63F-F9BC-447D-A003-D4EF811A8EAF}.Debug|Any CPU.Build.0 = Debug|Any CPU
		{B260E63F-F9BC-447D-A003-D4EF811A8EAF}.Release|Any CPU.ActiveCfg = Release|Any CPU
		{B260E63F-F9BC-447D-A003-D4EF811A8EAF}.Release|Any CPU.Build.0 = Release|Any CPU
	EndGlobalSection
	GlobalSection(SolutionProperties) = preSolution
		HideSolutionNode = FALSE
	EndGlobalSection
	GlobalSection(ExtensibilityGlobals) = postSolution
		SolutionGuid = {E475CC9A-C5D9-47ED-B084-83D0DED2C025}
	EndGlobalSection
EndGlobal
